
Microsoft Visual Studio Solution File, Format Version 12.00
# Visual Studio Version 17
VisualStudioVersion = 17.14.37314.3 d17.14
MinimumVisualStudioVersion = 10.0.40219.1
Project("{FAE04EC0-301F-11D3-BF4B-00C04F79EFBC}") = "GlycemicTracker.API", "GlycemicTracker.API\GlycemicTracker.API.csproj", "{914AE857-E664-4108-864F-E782289AC4FB}"
EndProject
Global
	GlobalSection(SolutionConfigurationPlatforms) = preSolution
		Debug|Any CPU = Debug|Any CPU
		Release|Any CPU = Release|Any CPU
	EndGlobalSection
	GlobalSection(ProjectConfigurationPlatforms) = postSolution
		{914AE857-E664-4108-864F-E782289AC4FB}.Debug|Any CPU.ActiveCfg = Debug|Any CPU
		{914AE857-E664-4108-864F-E782289AC4FB}.Debug|Any CPU.Build.0 = Debug|Any CPU
		{914AE857-E664-4108-864F-E782289AC4FB}.Release|Any CPU.ActiveCfg = Release|Any CPU
		{914AE857-E664-4108-864F-E782289AC4FB}.Release|Any CPU.Build.0 = Release|Any CPU
	EndGlobalSection
	GlobalSection(SolutionProperties) = preSolution
		HideSolutionNode = FALSE
	EndGlobalSection
	GlobalSection(ExtensibilityGlobals) = postSolution
		SolutionGuid = {A4F2EB13-6008-43B7-95C9-6B3D85FE6B48}
	EndGlobalSection
EndGlobal
